{
  "name": "create-zeropress-theme",
  "version": "0.1.8",
  "lockfileVersion": 3,
  "requires": true,
  "packages": {
    "": {
      "name": "create-zeropress-theme",
      "version": "0.1.8",
      "license": "MIT",
      "dependencies": {
        "@zeropress/theme-validator": "^0.2.4"
      },
      "bin": {
        "create-zeropress-theme": "bin/create-zeropress-theme.js"
      },
      "engines": {
        "node": ">=18.18.0"
      }
    },
    "node_modules/@zeropress/theme-validator": {
      "version": "0.2.4",
      "resolved": "https://registry.npmjs.org/@zeropress/theme-validator/-/theme-validator-0.2.4.tgz",
      "integrity": "sha512-vHm3/4ssyUz1eDWQ1gGi2QxFyz0M8uMuwwCef4f4aOrkT+4JTzJ9W6cYqzvoVFaCWjEDoF/sMdPTrjQm1lwp5A==",
      "license": "MIT",
      "engines": {
        "node": ">=18.18.0"
      }
    }
  }
}
