{
  "name": "create-zeropress-theme",
  "version": "0.2.1",
  "lockfileVersion": 3,
  "requires": true,
  "packages": {
    "": {
      "name": "create-zeropress-theme",
      "version": "0.2.1",
      "license": "MIT",
      "dependencies": {
        "@zeropress/theme-validator": "^0.3.1"
      },
      "bin": {
        "create-zeropress-theme": "bin/create-zeropress-theme.js"
      },
      "engines": {
        "node": ">=18.18.0"
      }
    },
    "node_modules/@zeropress/theme-validator": {
      "version": "0.3.1",
      "resolved": "https://registry.npmjs.org/@zeropress/theme-validator/-/theme-validator-0.3.1.tgz",
      "integrity": "sha512-T/IoK3nh7fdckC9NgE9dsbyIgffnri+q6SsSEp7mouYIIqsyvK6FDGqEHEK1dGdNbJlOUVymFQ5UX0f4hHxvsQ==",
      "license": "MIT",
      "engines": {
        "node": ">=18.18.0"
      }
    }
  }
}
